
Microsoft Visual Studio Solution File, Format Version 12.00
# Visual Studio 14
VisualStudioVersion = 14.0.25420.1
MinimumVisualStudioVersion = 10.0.40219.1
Project("{FAE04EC0-301F-11D3-BF4B-00C04F79EFBC}") = "CloudApiHost", "CloudApiHost\CloudApiHost.csproj", "{064A01D9-9E5F-41A1-80D3-48CC767E993A}"
EndProject
Project("{FAE04EC0-301F-11D3-BF4B-00C04F79EFBC}") = "CloudApiLib", "CloudApiLib\CloudApiLib.csproj", "{1D53606A-38DF-45FA-A512-AAC21A81C35C}"
EndProject
Global
	GlobalSection(SolutionConfigurationPlatforms) = preSolution
		Debug|x86 = Debug|x86
		Release|x86 = Release|x86
	EndGlobalSection
	GlobalSection(ProjectConfigurationPlatforms) = postSolution
		{064A01D9-9E5F-41A1-80D3-48CC767E993A}.Debug|x86.ActiveCfg = Debug|x86
		{064A01D9-9E5F-41A1-80D3-48CC767E993A}.Debug|x86.Build.0 = Debug|x86
		{064A01D9-9E5F-41A1-80D3-48CC767E993A}.Release|x86.ActiveCfg = Release|x86
		{064A01D9-9E5F-41A1-80D3-48CC767E993A}.Release|x86.Build.0 = Release|x86
		{1D53606A-38DF-45FA-A512-AAC21A81C35C}.Debug|x86.ActiveCfg = Debug|Any CPU
		{1D53606A-38DF-45FA-A512-AAC21A81C35C}.Debug|x86.Build.0 = Debug|Any CPU
		{1D53606A-38DF-45FA-A512-AAC21A81C35C}.Release|x86.ActiveCfg = Release|Any CPU
		{1D53606A-38DF-45FA-A512-AAC21A81C35C}.Release|x86.Build.0 = Release|Any CPU
	EndGlobalSection
	GlobalSection(SolutionProperties) = preSolution
		HideSolutionNode = FALSE
	EndGlobalSection
	GlobalSection(TeamFoundationVersionControl) = preSolution
		SccNumberOfProjects = 3
		SccEnterpriseProvider = {4CA58AB2-18FA-4F8D-95D4-32DDF27D184C}
		SccTeamFoundationServer = https://elnillo.visualstudio.com/
		SccLocalPath0 = .
		SccProjectUniqueName1 = CloudApiHost\\CloudApiHost.csproj
		SccProjectName1 = CloudApiHost
		SccLocalPath1 = CloudApiHost
		SccProjectUniqueName2 = CloudApiLib\\CloudApiLib.csproj
		SccProjectName2 = CloudApiLib
		SccLocalPath2 = CloudApiLib
	EndGlobalSection
EndGlobal
